
Microsoft Visual Studio Solution File, Format Version 12.00
# Visual Studio 15
VisualStudioVersion = 15.0.27004.2002
MinimumVisualStudioVersion = 10.0.40219.1
Project("{FAE04EC0-301F-11D3-BF4B-00C04F79EFBC}") = "InterviewManagement", "InterviewManagement\InterviewManagement.csproj", "{7A5CE037-D215-41F0-BA24-BBEE80224C05}"
EndProject
Project("{FAE04EC0-301F-11D3-BF4B-00C04F79EFBC}") = "InterviewTest", "InterviewTest\InterviewTest.csproj", "{5A37D60C-DE37-4392-A9E4-E840AA23E0BC}"
EndProject
Global
	GlobalSection(SolutionConfigurationPlatforms) = preSolution
		Debug|Any CPU = Debug|Any CPU
		Release|Any CPU = Release|Any CPU
	EndGlobalSection
	GlobalSection(ProjectConfigurationPlatforms) = postSolution
		{7A5CE037-D215-41F0-BA24-BBEE80224C05}.Debug|Any CPU.ActiveCfg = Debug|Any CPU
		{7A5CE037-D215-41F0-BA24-BBEE80224C05}.Debug|Any CPU.Build.0 = Debug|Any CPU
		{7A5CE037-D215-41F0-BA24-BBEE80224C05}.Release|Any CPU.ActiveCfg = Release|Any CPU
		{7A5CE037-D215-41F0-BA24-BBEE80224C05}.Release|Any CPU.Build.0 = Release|Any CPU
		{5A37D60C-DE37-4392-A9E4-E840AA23E0BC}.Debug|Any CPU.ActiveCfg = Debug|Any CPU
		{5A37D60C-DE37-4392-A9E4-E840AA23E0BC}.Debug|Any CPU.Build.0 = Debug|Any CPU
		{5A37D60C-DE37-4392-A9E4-E840AA23E0BC}.Release|Any CPU.ActiveCfg = Release|Any CPU
		{5A37D60C-DE37-4392-A9E4-E840AA23E0BC}.Release|Any CPU.Build.0 = Release|Any CPU
	EndGlobalSection
	GlobalSection(SolutionProperties) = preSolution
		HideSolutionNode = FALSE
	EndGlobalSection
	GlobalSection(ExtensibilityGlobals) = postSolution
		SolutionGuid = {EB54EC23-C8AB-46D9-8FC9-92968224C2AF}
	EndGlobalSection
EndGlobal
